
Microsoft Visual Studio Solution File, Format Version 12.00
Project("{2150E333-8FDC-42A3-9474-1A3956D46DE8}") = "Solution Items", "Solution Items", "{EEEEEEEE-EEEE-EEEE-EEEE-EEEEEEEEEEEE}"
	ProjectSection(SolutionItems) = preProject
		.gitignore = .gitignore
		Changelog.md = Changelog.md
		Readme.md = Readme.md
		build\appsettings.json = build\appsettings.json
	EndProjectSection
EndProject
Project("{2150E333-8FDC-42A3-9474-1A3956D46DE8}") = "Automation", "Automation", "{FFFFFFFF-FFFF-FFFF-FFFF-FFFFFFFFFFFF}"
EndProject
Project("{E6090206-C550-4AEB-A580-53D34EE1C468}") = "Build", "build\Build.csproj", "{8ED4B757-7D9B-4338-9896-98667C4218B7}"
EndProject
Project("{E6090206-C550-4AEB-A580-53D34EE1C468}") = "Installer", "install\Installer.csproj", "{BCCD7741-2EE9-4D60-A4C4-4F1762E382C9}"
EndProject
Project("{FAE04EC0-301F-11D3-BF4B-00C04F79EFBC}") = "NGraph", "NGraph\NGraph.csproj", "{23638DC5-169E-4DC4-9162-2058B58018C4}"
EndProject
Project("{FAE04EC0-301F-11D3-BF4B-00C04F79EFBC}") = "NGraph.Hovs", "NGraph.Hovs\NGraph.Hovs.csproj", "{A4CD97B8-3821-4BAE-B694-55E9A4D38088}"
EndProject
Global
	GlobalSection(SolutionConfigurationPlatforms) = preSolution
		Debug.R21|Any CPU = Debug.R21|Any CPU
		Release.R21|Any CPU = Release.R21|Any CPU
		Debug.R22|Any CPU = Debug.R22|Any CPU
		Release.R22|Any CPU = Release.R22|Any CPU
		Debug.R23|Any CPU = Debug.R23|Any CPU
		Release.R23|Any CPU = Release.R23|Any CPU
		Debug.R24|Any CPU = Debug.R24|Any CPU
		Release.R24|Any CPU = Release.R24|Any CPU
		Debug.R25|Any CPU = Debug.R25|Any CPU
		Release.R25|Any CPU = Release.R25|Any CPU
		Debug.R26|Any CPU = Debug.R26|Any CPU
		Release.R26|Any CPU = Release.R26|Any CPU
		Debug.R27|Any CPU = Debug.R27|Any CPU
		Release.R27|Any CPU = Release.R27|Any CPU
	EndGlobalSection
	GlobalSection(ProjectConfigurationPlatforms) = postSolution
		{A4CD97B8-3821-4BAE-B694-55E9A4D38088}.Debug.R21|Any CPU.ActiveCfg = Debug.R21|Any CPU
		{A4CD97B8-3821-4BAE-B694-55E9A4D38088}.Debug.R21|Any CPU.Build.0 = Debug.R21|Any CPU
		{A4CD97B8-3821-4BAE-B694-55E9A4D38088}.Debug.R22|Any CPU.ActiveCfg = Debug.R22|Any CPU
		{A4CD97B8-3821-4BAE-B694-55E9A4D38088}.Debug.R22|Any CPU.Build.0 = Debug.R22|Any CPU
		{A4CD97B8-3821-4BAE-B694-55E9A4D38088}.Debug.R23|Any CPU.ActiveCfg = Debug.R23|Any CPU
		{A4CD97B8-3821-4BAE-B694-55E9A4D38088}.Debug.R23|Any CPU.Build.0 = Debug.R23|Any CPU
		{A4CD97B8-3821-4BAE-B694-55E9A4D38088}.Debug.R24|Any CPU.ActiveCfg = Debug.R24|Any CPU
		{A4CD97B8-3821-4BAE-B694-55E9A4D38088}.Debug.R24|Any CPU.Build.0 = Debug.R24|Any CPU
		{A4CD97B8-3821-4BAE-B694-55E9A4D38088}.Debug.R25|Any CPU.ActiveCfg = Debug.R25|Any CPU
		{A4CD97B8-3821-4BAE-B694-55E9A4D38088}.Debug.R25|Any CPU.Build.0 = Debug.R25|Any CPU
		{A4CD97B8-3821-4BAE-B694-55E9A4D38088}.Debug.R26|Any CPU.ActiveCfg = Debug.R26|Any CPU
		{A4CD97B8-3821-4BAE-B694-55E9A4D38088}.Debug.R26|Any CPU.Build.0 = Debug.R26|Any CPU
		{A4CD97B8-3821-4BAE-B694-55E9A4D38088}.Debug.R27|Any CPU.ActiveCfg = Debug.R27|Any CPU
		{A4CD97B8-3821-4BAE-B694-55E9A4D38088}.Debug.R27|Any CPU.Build.0 = Debug.R27|Any CPU
		{A4CD97B8-3821-4BAE-B694-55E9A4D38088}.Release.R21|Any CPU.ActiveCfg = Release.R21|Any CPU
		{A4CD97B8-3821-4BAE-B694-55E9A4D38088}.Release.R21|Any CPU.Build.0 = Release.R21|Any CPU
		{A4CD97B8-3821-4BAE-B694-55E9A4D38088}.Release.R22|Any CPU.ActiveCfg = Release.R22|Any CPU
		{A4CD97B8-3821-4BAE-B694-55E9A4D38088}.Release.R22|Any CPU.Build.0 = Release.R22|Any CPU
		{A4CD97B8-3821-4BAE-B694-55E9A4D38088}.Release.R23|Any CPU.ActiveCfg = Release.R23|Any CPU
		{A4CD97B8-3821-4BAE-B694-55E9A4D38088}.Release.R23|Any CPU.Build.0 = Release.R23|Any CPU
		{A4CD97B8-3821-4BAE-B694-55E9A4D38088}.Release.R24|Any CPU.ActiveCfg = Release.R24|Any CPU
		{A4CD97B8-3821-4BAE-B694-55E9A4D38088}.Release.R24|Any CPU.Build.0 = Release.R24|Any CPU
		{A4CD97B8-3821-4BAE-B694-55E9A4D38088}.Release.R25|Any CPU.ActiveCfg = Release.R25|Any CPU
		{A4CD97B8-3821-4BAE-B694-55E9A4D38088}.Release.R25|Any CPU.Build.0 = Release.R25|Any CPU
		{A4CD97B8-3821-4BAE-B694-55E9A4D38088}.Release.R26|Any CPU.ActiveCfg = Release.R26|Any CPU
		{A4CD97B8-3821-4BAE-B694-55E9A4D38088}.Release.R26|Any CPU.Build.0 = Release.R26|Any CPU
		{A4CD97B8-3821-4BAE-B694-55E9A4D38088}.Release.R27|Any CPU.ActiveCfg = Release.R27|Any CPU
		{A4CD97B8-3821-4BAE-B694-55E9A4D38088}.Release.R27|Any CPU.Build.0 = Release.R27|Any CPU
		{8ED4B757-7D9B-4338-9896-98667C4218B7}.Debug.R21|Any CPU.ActiveCfg = Debug|Any CPU
		{BCCD7741-2EE9-4D60-A4C4-4F1762E382C9}.Debug.R21|Any CPU.ActiveCfg = Debug|Any CPU
		{23638DC5-169E-4DC4-9162-2058B58018C4}.Debug.R21|Any CPU.ActiveCfg = Debug.R21|Any CPU
		{23638DC5-169E-4DC4-9162-2058B58018C4}.Debug.R21|Any CPU.Build.0 = Debug.R21|Any CPU
		{8ED4B757-7D9B-4338-9896-98667C4218B7}.Release.R21|Any CPU.ActiveCfg = Release|Any CPU
		{BCCD7741-2EE9-4D60-A4C4-4F1762E382C9}.Release.R21|Any CPU.ActiveCfg = Release|Any CPU
		{23638DC5-169E-4DC4-9162-2058B58018C4}.Release.R21|Any CPU.ActiveCfg = Release.R21|Any CPU
		{23638DC5-169E-4DC4-9162-2058B58018C4}.Release.R21|Any CPU.Build.0 = Release.R21|Any CPU
		{8ED4B757-7D9B-4338-9896-98667C4218B7}.Debug.R22|Any CPU.ActiveCfg = Debug|Any CPU
		{BCCD7741-2EE9-4D60-A4C4-4F1762E382C9}.Debug.R22|Any CPU.ActiveCfg = Debug|Any CPU
		{23638DC5-169E-4DC4-9162-2058B58018C4}.Debug.R22|Any CPU.ActiveCfg = Debug.R22|Any CPU
		{23638DC5-169E-4DC4-9162-2058B58018C4}.Debug.R22|Any CPU.Build.0 = Debug.R22|Any CPU
		{8ED4B757-7D9B-4338-9896-98667C4218B7}.Release.R22|Any CPU.ActiveCfg = Release|Any CPU
		{BCCD7741-2EE9-4D60-A4C4-4F1762E382C9}.Release.R22|Any CPU.ActiveCfg = Release|Any CPU
		{23638DC5-169E-4DC4-9162-2058B58018C4}.Release.R22|Any CPU.ActiveCfg = Release.R22|Any CPU
		{23638DC5-169E-4DC4-9162-2058B58018C4}.Release.R22|Any CPU.Build.0 = Release.R22|Any CPU
		{8ED4B757-7D9B-4338-9896-98667C4218B7}.Debug.R23|Any CPU.ActiveCfg = Debug|Any CPU
		{BCCD7741-2EE9-4D60-A4C4-4F1762E382C9}.Debug.R23|Any CPU.ActiveCfg = Debug|Any CPU
		{23638DC5-169E-4DC4-9162-2058B58018C4}.Debug.R23|Any CPU.ActiveCfg = Debug.R23|Any CPU
		{23638DC5-169E-4DC4-9162-2058B58018C4}.Debug.R23|Any CPU.Build.0 = Debug.R23|Any CPU
		{8ED4B757-7D9B-4338-9896-98667C4218B7}.Release.R23|Any CPU.ActiveCfg = Release|Any CPU
		{BCCD7741-2EE9-4D60-A4C4-4F1762E382C9}.Release.R23|Any CPU.ActiveCfg = Release|Any CPU
		{23638DC5-169E-4DC4-9162-2058B58018C4}.Release.R23|Any CPU.ActiveCfg = Release.R23|Any CPU
		{23638DC5-169E-4DC4-9162-2058B58018C4}.Release.R23|Any CPU.Build.0 = Release.R23|Any CPU
		{8ED4B757-7D9B-4338-9896-98667C4218B7}.Debug.R24|Any CPU.ActiveCfg = Debug|Any CPU
		{BCCD7741-2EE9-4D60-A4C4-4F1762E382C9}.Debug.R24|Any CPU.ActiveCfg = Debug|Any CPU
		{23638DC5-169E-4DC4-9162-2058B58018C4}.Debug.R24|Any CPU.ActiveCfg = Debug.R24|Any CPU
		{23638DC5-169E-4DC4-9162-2058B58018C4}.Debug.R24|Any CPU.Build.0 = Debug.R24|Any CPU
		{8ED4B757-7D9B-4338-9896-98667C4218B7}.Release.R24|Any CPU.ActiveCfg = Release|Any CPU
		{BCCD7741-2EE9-4D60-A4C4-4F1762E382C9}.Release.R24|Any CPU.ActiveCfg = Release|Any CPU
		{23638DC5-169E-4DC4-9162-2058B58018C4}.Release.R24|Any CPU.ActiveCfg = Release.R24|Any CPU
		{23638DC5-169E-4DC4-9162-2058B58018C4}.Release.R24|Any CPU.Build.0 = Release.R24|Any CPU
		{8ED4B757-7D9B-4338-9896-98667C4218B7}.Debug.R25|Any CPU.ActiveCfg = Debug|Any CPU
		{BCCD7741-2EE9-4D60-A4C4-4F1762E382C9}.Debug.R25|Any CPU.ActiveCfg = Debug|Any CPU
		{23638DC5-169E-4DC4-9162-2058B58018C4}.Debug.R25|Any CPU.ActiveCfg = Debug.R25|Any CPU
		{23638DC5-169E-4DC4-9162-2058B58018C4}.Debug.R25|Any CPU.Build.0 = Debug.R25|Any CPU
		{8ED4B757-7D9B-4338-9896-98667C4218B7}.Release.R25|Any CPU.ActiveCfg = Release|Any CPU
		{BCCD7741-2EE9-4D60-A4C4-4F1762E382C9}.Release.R25|Any CPU.ActiveCfg = Release|Any CPU
		{23638DC5-169E-4DC4-9162-2058B58018C4}.Release.R25|Any CPU.ActiveCfg = Release.R25|Any CPU
		{23638DC5-169E-4DC4-9162-2058B58018C4}.Release.R25|Any CPU.Build.0 = Release.R25|Any CPU
		{8ED4B757-7D9B-4338-9896-98667C4218B7}.Debug.R26|Any CPU.ActiveCfg = Debug|Any CPU
		{BCCD7741-2EE9-4D60-A4C4-4F1762E382C9}.Debug.R26|Any CPU.ActiveCfg = Debug|Any CPU
		{23638DC5-169E-4DC4-9162-2058B58018C4}.Debug.R26|Any CPU.ActiveCfg = Debug.R26|Any CPU
		{23638DC5-169E-4DC4-9162-2058B58018C4}.Debug.R26|Any CPU.Build.0 = Debug.R26|Any CPU
		{8ED4B757-7D9B-4338-9896-98667C4218B7}.Release.R26|Any CPU.ActiveCfg = Release|Any CPU
		{BCCD7741-2EE9-4D60-A4C4-4F1762E382C9}.Release.R26|Any CPU.ActiveCfg = Release|Any CPU
		{23638DC5-169E-4DC4-9162-2058B58018C4}.Release.R26|Any CPU.ActiveCfg = Release.R26|Any CPU
		{23638DC5-169E-4DC4-9162-2058B58018C4}.Release.R26|Any CPU.Build.0 = Release.R26|Any CPU
		{8ED4B757-7D9B-4338-9896-98667C4218B7}.Debug.R27|Any CPU.ActiveCfg = Debug|Any CPU
		{BCCD7741-2EE9-4D60-A4C4-4F1762E382C9}.Debug.R27|Any CPU.ActiveCfg = Debug|Any CPU
		{23638DC5-169E-4DC4-9162-2058B58018C4}.Debug.R27|Any CPU.ActiveCfg = Debug.R27|Any CPU
		{23638DC5-169E-4DC4-9162-2058B58018C4}.Debug.R27|Any CPU.Build.0 = Debug.R27|Any CPU
		{8ED4B757-7D9B-4338-9896-98667C4218B7}.Release.R27|Any CPU.ActiveCfg = Release|Any CPU
		{BCCD7741-2EE9-4D60-A4C4-4F1762E382C9}.Release.R27|Any CPU.ActiveCfg = Release|Any CPU
		{23638DC5-169E-4DC4-9162-2058B58018C4}.Release.R27|Any CPU.ActiveCfg = Release.R27|Any CPU
		{23638DC5-169E-4DC4-9162-2058B58018C4}.Release.R27|Any CPU.Build.0 = Release.R27|Any CPU
	EndGlobalSection
	GlobalSection(NestedProjects) = preSolution
		{8ED4B757-7D9B-4338-9896-98667C4218B7} = {FFFFFFFF-FFFF-FFFF-FFFF-FFFFFFFFFFFF}
		{BCCD7741-2EE9-4D60-A4C4-4F1762E382C9} = {FFFFFFFF-FFFF-FFFF-FFFF-FFFFFFFFFFFF}
	EndGlobalSection
EndGlobal
